
Microsoft Visual Studio Solution File, Format Version 12.00
# Visual Studio Version 17
VisualStudioVersion = 17.10.35013.160
MinimumVisualStudioVersion = 10.0.40219.1
Project("{FAE04EC0-301F-11D3-BF4B-00C04F79EFBC}") = "WebApi", "WebApi\WebApi.csproj", "{93853E2E-F33D-43BD-ACCA-D965508B7BF0}"
EndProject
Global
	GlobalSection(SolutionConfigurationPlatforms) = preSolution
		Debug|Any CPU = Debug|Any CPU
		Release|Any CPU = Release|Any CPU
	EndGlobalSection
	GlobalSection(ProjectConfigurationPlatforms) = postSolution
		{93853E2E-F33D-43BD-ACCA-D965508B7BF0}.Debug|Any CPU.ActiveCfg = Debug|Any CPU
		{93853E2E-F33D-43BD-ACCA-D965508B7BF0}.Debug|Any CPU.Build.0 = Debug|Any CPU
		{93853E2E-F33D-43BD-ACCA-D965508B7BF0}.Release|Any CPU.ActiveCfg = Release|Any CPU
		{93853E2E-F33D-43BD-ACCA-D965508B7BF0}.Release|Any CPU.Build.0 = Release|Any CPU
	EndGlobalSection
	GlobalSection(SolutionProperties) = preSolution
		HideSolutionNode = FALSE
	EndGlobalSection
	GlobalSection(ExtensibilityGlobals) = postSolution
		SolutionGuid = {F9445856-5F58-469A-916C-24FA3AF5B1C6}
	EndGlobalSection
EndGlobal
